
Microsoft Visual Studio Solution File, Format Version 12.00
# Visual Studio Version 17
VisualStudioVersion = 17.9.34728.123
MinimumVisualStudioVersion = 10.0.40219.1
Project("{FAE04EC0-301F-11D3-BF4B-00C04F79EFBC}") = "EngineScripting", "EngineScripting.csproj", "{01EBD0D3-4432-4AA0-A8EF-9298895A26F5}"
EndProject
Global
	GlobalSection(SolutionConfigurationPlatforms) = preSolution
		Debug|Any CPU = Debug|Any CPU
		Release|Any CPU = Release|Any CPU
	EndGlobalSection
	GlobalSection(ProjectConfigurationPlatforms) = postSolution
		{01EBD0D3-4432-4AA0-A8EF-9298895A26F5}.Debug|Any CPU.ActiveCfg = Debug|Any CPU
		{01EBD0D3-4432-4AA0-A8EF-9298895A26F5}.Debug|Any CPU.Build.0 = Debug|Any CPU
		{01EBD0D3-4432-4AA0-A8EF-9298895A26F5}.Release|Any CPU.ActiveCfg = Release|Any CPU
		{01EBD0D3-4432-4AA0-A8EF-9298895A26F5}.Release|Any CPU.Build.0 = Release|Any CPU
	EndGlobalSection
	GlobalSection(SolutionProperties) = preSolution
		HideSolutionNode = FALSE
	EndGlobalSection
	GlobalSection(ExtensibilityGlobals) = postSolution
		SolutionGuid = {1EBD3973-F803-4818-8F71-939FFD0FF45B}
	EndGlobalSection
EndGlobal
